
Microsoft Visual Studio Solution File, Format Version 12.00
# Visual Studio Version 17
VisualStudioVersion = 17.6.33815.320
MinimumVisualStudioVersion = 10.0.40219.1
Project("{FAE04EC0-301F-11D3-BF4B-00C04F79EFBC}") = "Cost.API", "Cost.API.csproj", "{FADBF637-7291-48E9-A263-80EC7AEBF85F}"
EndProject
Global
	GlobalSection(SolutionConfigurationPlatforms) = preSolution
		Debug|Any CPU = Debug|Any CPU
		Release|Any CPU = Release|Any CPU
	EndGlobalSection
	GlobalSection(ProjectConfigurationPlatforms) = postSolution
		{FADBF637-7291-48E9-A263-80EC7AEBF85F}.Debug|Any CPU.ActiveCfg = Debug|Any CPU
		{FADBF637-7291-48E9-A263-80EC7AEBF85F}.Debug|Any CPU.Build.0 = Debug|Any CPU
		{FADBF637-7291-48E9-A263-80EC7AEBF85F}.Release|Any CPU.ActiveCfg = Release|Any CPU
		{FADBF637-7291-48E9-A263-80EC7AEBF85F}.Release|Any CPU.Build.0 = Release|Any CPU
	EndGlobalSection
	GlobalSection(SolutionProperties) = preSolution
		HideSolutionNode = FALSE
	EndGlobalSection
	GlobalSection(ExtensibilityGlobals) = postSolution
		SolutionGuid = {A67A50C0-EE06-4451-AAA8-5443A2226C59}
	EndGlobalSection
EndGlobal
